
Microsoft Visual Studio Solution File, Format Version 12.00
# Visual Studio Version 17
VisualStudioVersion = 17.4.33213.308
MinimumVisualStudioVersion = 10.0.40219.1
Project("{FAE04EC0-301F-11D3-BF4B-00C04F79EFBC}") = "productsHub", "productsHub.csproj", "{9AFA2E73-5257-4DBF-9A91-C99F90F13850}"
EndProject
Global
	GlobalSection(SolutionConfigurationPlatforms) = preSolution
		Debug|Any CPU = Debug|Any CPU
		Release|Any CPU = Release|Any CPU
	EndGlobalSection
	GlobalSection(ProjectConfigurationPlatforms) = postSolution
		{9AFA2E73-5257-4DBF-9A91-C99F90F13850}.Debug|Any CPU.ActiveCfg = Debug|Any CPU
		{9AFA2E73-5257-4DBF-9A91-C99F90F13850}.Debug|Any CPU.Build.0 = Debug|Any CPU
		{9AFA2E73-5257-4DBF-9A91-C99F90F13850}.Release|Any CPU.ActiveCfg = Release|Any CPU
		{9AFA2E73-5257-4DBF-9A91-C99F90F13850}.Release|Any CPU.Build.0 = Release|Any CPU
	EndGlobalSection
	GlobalSection(SolutionProperties) = preSolution
		HideSolutionNode = FALSE
	EndGlobalSection
	GlobalSection(ExtensibilityGlobals) = postSolution
		SolutionGuid = {3318C089-A406-4321-A807-81AEEF50EE9E}
	EndGlobalSection
EndGlobal
